// !$*UTF8*$!
{
	archiveVersion = 1;
	classes = {
	};
	objectVersion = 52;
	objects = {

/* Begin PBXBuildFile section */
		991AD40D23C3C775007D1123 /* Stevia in Frameworks */ = {isa = PBXBuildFile; productRef = 991AD40C23C3C775007D1123 /* Stevia */; };
		9926CAFB27358ACC009E1541 /* BlackKey.swift in Sources */ = {isa = PBXBuildFile; fileRef = 9926CAFA27358ACC009E1541 /* BlackKey.swift */; };
		99407A39273444FC00763D40 /* AudioKit in Frameworks */ = {isa = PBXBuildFile; productRef = 99407A38273444FC00763D40 /* AudioKit */; };
		99407A3B27344E6200763D40 /* WhiteKey.swift in Sources */ = {isa = PBXBuildFile; fileRef = 99407A3A27344E6200763D40 /* WhiteKey.swift */; };
		996A2092248D531100536376 /* Giga Piano.sf2 in Resources */ = {isa = PBXBuildFile; fileRef = 996A2079248D531100536376 /* Giga Piano.sf2 */; };
		996D9B6B23C3D959007273C5 /* KeyboardPortion.swift in Sources */ = {isa = PBXBuildFile; fileRef = 996D9B6A23C3D959007273C5 /* KeyboardPortion.swift */; };
		996D9B6F23C3D9AA007273C5 /* Keyboard.swift in Sources */ = {isa = PBXBuildFile; fileRef = 996D9B6E23C3D9AA007273C5 /* Keyboard.swift */; };
		996D9B7223C3E20B007273C5 /* ViewControllerView.swift in Sources */ = {isa = PBXBuildFile; fileRef = 996D9B7123C3E20B007273C5 /* ViewControllerView.swift */; };
		99D2D5BD27344F6F009DAC05 /* Chords in Frameworks */ = {isa = PBXBuildFile; productRef = 99D2D5BC27344F6F009DAC05 /* Chords */; };
		99EB0CDC23B0B03E00B0EB2A /* AppDelegate.swift in Sources */ = {isa = PBXBuildFile; fileRef = 99EB0CDB23B0B03E00B0EB2A /* AppDelegate.swift */; };
		99EB0CE023B0B03E00B0EB2A /* ViewController.swift in Sources */ = {isa = PBXBuildFile; fileRef = 99EB0CDF23B0B03E00B0EB2A /* ViewController.swift */; };
		99EB0CE523B0B04200B0EB2A /* Assets.xcassets in Resources */ = {isa = PBXBuildFile; fileRef = 99EB0CE423B0B04200B0EB2A /* Assets.xcassets */; };
		99EB0CE823B0B04200B0EB2A /* LaunchScreen.storyboard in Resources */ = {isa = PBXBuildFile; fileRef = 99EB0CE623B0B04200B0EB2A /* LaunchScreen.storyboard */; };
/* End PBXBuildFile section */

/* Begin PBXFileReference section */
		9926CAFA27358ACC009E1541 /* BlackKey.swift */ = {isa = PBXFileReference; lastKnownFileType = sourcecode.swift; path = BlackKey.swift; sourceTree = "<group>"; };
		99407A3A27344E6200763D40 /* WhiteKey.swift */ = {isa = PBXFileReference; lastKnownFileType = sourcecode.swift; path = WhiteKey.swift; sourceTree = "<group>"; };
		996A2079248D531100536376 /* Giga Piano.sf2 */ = {isa = PBXFileReference; lastKnownFileType = file; path = "Giga Piano.sf2"; sourceTree = "<group>"; };
		996D9B6A23C3D959007273C5 /* KeyboardPortion.swift */ = {isa = PBXFileReference; lastKnownFileType = sourcecode.swift; path = KeyboardPortion.swift; sourceTree = "<group>"; };
		996D9B6E23C3D9AA007273C5 /* Keyboard.swift */ = {isa = PBXFileReference; lastKnownFileType = sourcecode.swift; path = Keyboard.swift; sourceTree = "<group>"; };
		996D9B7123C3E20B007273C5 /* ViewControllerView.swift */ = {isa = PBXFileReference; lastKnownFileType = sourcecode.swift; path = ViewControllerView.swift; sourceTree = "<group>"; };
		99EB0CD823B0B03E00B0EB2A /* Piano Chords.app */ = {isa = PBXFileReference; explicitFileType = wrapper.application; includeInIndex = 0; path = "Piano Chords.app"; sourceTree = BUILT_PRODUCTS_DIR; };
		99EB0CDB23B0B03E00B0EB2A /* AppDelegate.swift */ = {isa = PBXFileReference; lastKnownFileType = sourcecode.swift; path = AppDelegate.swift; sourceTree = "<group>"; };
		99EB0CDF23B0B03E00B0EB2A /* ViewController.swift */ = {isa = PBXFileReference; lastKnownFileType = sourcecode.swift; path = ViewController.swift; sourceTree = "<group>"; };
		99EB0CE423B0B04200B0EB2A /* Assets.xcassets */ = {isa = PBXFileReference; lastKnownFileType = folder.assetcatalog; path = Assets.xcassets; sourceTree = "<group>"; };
		99EB0CE723B0B04200B0EB2A /* Base */ = {isa = PBXFileReference; lastKnownFileType = file.storyboard; name = Base; path = Base.lproj/LaunchScreen.storyboard; sourceTree = "<group>"; };
		99EB0CE923B0B04200B0EB2A /* Info.plist */ = {isa = PBXFileReference; lastKnownFileType = text.plist.xml; path = Info.plist; sourceTree = "<group>"; };
/* End PBXFileReference section */

/* Begin PBXFrameworksBuildPhase section */
		99EB0CD523B0B03D00B0EB2A /* Frameworks */ = {
			isa = PBXFrameworksBuildPhase;
			buildActionMask = 2147483647;
			files = (
				99407A39273444FC00763D40 /* AudioKit in Frameworks */,
				991AD40D23C3C775007D1123 /* Stevia in Frameworks */,
				99D2D5BD27344F6F009DAC05 /* Chords in Frameworks */,
			);
			runOnlyForDeploymentPostprocessing = 0;
		};
/* End PBXFrameworksBuildPhase section */

/* Begin PBXGroup section */
		992C7BF823C3C02400AF5B85 /* Resources */ = {
			isa = PBXGroup;
			children = (
				996A2079248D531100536376 /* Giga Piano.sf2 */,
			);
			path = Resources;
			sourceTree = "<group>";
		};
		9999A7A423B515E200284378 /* Frameworks */ = {
			isa = PBXGroup;
			children = (
			);
			name = Frameworks;
			sourceTree = "<group>";
		};
		99EB0CCF23B0B03D00B0EB2A = {
			isa = PBXGroup;
			children = (
				99EB0CDA23B0B03E00B0EB2A /* ChordsApp */,
				99EB0CD923B0B03E00B0EB2A /* Products */,
				9999A7A423B515E200284378 /* Frameworks */,
			);
			sourceTree = "<group>";
		};
		99EB0CD923B0B03E00B0EB2A /* Products */ = {
			isa = PBXGroup;
			children = (
				99EB0CD823B0B03E00B0EB2A /* Piano Chords.app */,
			);
			name = Products;
			sourceTree = "<group>";
		};
		99EB0CDA23B0B03E00B0EB2A /* ChordsApp */ = {
			isa = PBXGroup;
			children = (
				992C7BF823C3C02400AF5B85 /* Resources */,
				99EB0CDB23B0B03E00B0EB2A /* AppDelegate.swift */,
				99EB0CDF23B0B03E00B0EB2A /* ViewController.swift */,
				996D9B7123C3E20B007273C5 /* ViewControllerView.swift */,
				996D9B6A23C3D959007273C5 /* KeyboardPortion.swift */,
				996D9B6E23C3D9AA007273C5 /* Keyboard.swift */,
				99407A3A27344E6200763D40 /* WhiteKey.swift */,
				9926CAFA27358ACC009E1541 /* BlackKey.swift */,
				99EB0CE423B0B04200B0EB2A /* Assets.xcassets */,
				99EB0CE623B0B04200B0EB2A /* LaunchScreen.storyboard */,
				99EB0CE923B0B04200B0EB2A /* Info.plist */,
			);
			path = ChordsApp;
			sourceTree = "<group>";
		};
/* End PBXGroup section */

/* Begin PBXNativeTarget section */
		99EB0CD723B0B03D00B0EB2A /* ChordsApp */ = {
			isa = PBXNativeTarget;
			buildConfigurationList = 99EB0CEC23B0B04200B0EB2A /* Build configuration list for PBXNativeTarget "ChordsApp" */;
			buildPhases = (
				99EB0CD423B0B03D00B0EB2A /* Sources */,
				99EB0CD523B0B03D00B0EB2A /* Frameworks */,
				99EB0CD623B0B03D00B0EB2A /* Resources */,
			);
			buildRules = (
			);
			dependencies = (
			);
			name = ChordsApp;
			packageProductDependencies = (
				991AD40C23C3C775007D1123 /* Stevia */,
				99407A38273444FC00763D40 /* AudioKit */,
				99D2D5BC27344F6F009DAC05 /* Chords */,
			);
			productName = ChordsApp;
			productReference = 99EB0CD823B0B03E00B0EB2A /* Piano Chords.app */;
			productType = "com.apple.product-type.application";
		};
/* End PBXNativeTarget section */

/* Begin PBXProject section */
		99EB0CD023B0B03D00B0EB2A /* Project object */ = {
			isa = PBXProject;
			attributes = {
				LastSwiftUpdateCheck = 1130;
				LastUpgradeCheck = 1300;
				ORGANIZATIONNAME = sachadso;
				TargetAttributes = {
					99EB0CD723B0B03D00B0EB2A = {
						CreatedOnToolsVersion = 11.3;
					};
				};
			};
			buildConfigurationList = 99EB0CD323B0B03D00B0EB2A /* Build configuration list for PBXProject "ChordsApp" */;
			compatibilityVersion = "Xcode 9.3";
			developmentRegion = en;
			hasScannedForEncodings = 0;
			knownRegions = (
				en,
				Base,
			);
			mainGroup = 99EB0CCF23B0B03D00B0EB2A;
			packageReferences = (
				991AD40B23C3C775007D1123 /* XCRemoteSwiftPackageReference "Stevia" */,
				99407A37273444FC00763D40 /* XCRemoteSwiftPackageReference "AudioKit" */,
				99D2D5BB27344F6F009DAC05 /* XCRemoteSwiftPackageReference "Chords" */,
			);
			productRefGroup = 99EB0CD923B0B03E00B0EB2A /* Products */;
			projectDirPath = "";
			projectRoot = "";
			targets = (
				99EB0CD723B0B03D00B0EB2A /* ChordsApp */,
			);
		};
/* End PBXProject section */

/* Begin PBXResourcesBuildPhase section */
		99EB0CD623B0B03D00B0EB2A /* Resources */ = {
			isa = PBXResourcesBuildPhase;
			buildActionMask = 2147483647;
			files = (
				996A2092248D531100536376 /* Giga Piano.sf2 in Resources */,
				99EB0CE823B0B04200B0EB2A /* LaunchScreen.storyboard in Resources */,
				99EB0CE523B0B04200B0EB2A /* Assets.xcassets in Resources */,
			);
			runOnlyForDeploymentPostprocessing = 0;
		};
/* End PBXResourcesBuildPhase section */

/* Begin PBXSourcesBuildPhase section */
		99EB0CD423B0B03D00B0EB2A /* Sources */ = {
			isa = PBXSourcesBuildPhase;
			buildActionMask = 2147483647;
			files = (
				99EB0CE023B0B03E00B0EB2A /* ViewController.swift in Sources */,
				996D9B7223C3E20B007273C5 /* ViewControllerView.swift in Sources */,
				99407A3B27344E6200763D40 /* WhiteKey.swift in Sources */,
				9926CAFB27358ACC009E1541 /* BlackKey.swift in Sources */,
				996D9B6F23C3D9AA007273C5 /* Keyboard.swift in Sources */,
				99EB0CDC23B0B03E00B0EB2A /* AppDelegate.swift in Sources */,
				996D9B6B23C3D959007273C5 /* KeyboardPortion.swift in Sources */,
			);
			runOnlyForDeploymentPostprocessing = 0;
		};
/* End PBXSourcesBuildPhase section */

/* Begin PBXVariantGroup section */
		99EB0CE623B0B04200B0EB2A /* LaunchScreen.storyboard */ = {
			isa = PBXVariantGroup;
			children = (
				99EB0CE723B0B04200B0EB2A /* Base */,
			);
			name = LaunchScreen.storyboard;
			sourceTree = "<group>";
		};
/* End PBXVariantGroup section */

/* Begin XCBuildConfiguration section */
		99EB0CEA23B0B04200B0EB2A /* Debug */ = {
			isa = XCBuildConfiguration;
			buildSettings = {
				ALWAYS_SEARCH_USER_PATHS = NO;
				CLANG_ANALYZER_NONNULL = YES;
				CLANG_ANALYZER_NUMBER_OBJECT_CONVERSION = YES_AGGRESSIVE;
				CLANG_CXX_LANGUAGE_STANDARD = "gnu++14";
				CLANG_CXX_LIBRARY = "libc++";
				CLANG_ENABLE_MODULES = YES;
				CLANG_ENABLE_OBJC_ARC = YES;
				CLANG_ENABLE_OBJC_WEAK = YES;
				CLANG_WARN_BLOCK_CAPTURE_AUTORELEASING = YES;
				CLANG_WARN_BOOL_CONVERSION = YES;
				CLANG_WARN_COMMA = YES;
				CLANG_WARN_CONSTANT_CONVERSION = YES;
				CLANG_WARN_DEPRECATED_OBJC_IMPLEMENTATIONS = YES;
				CLANG_WARN_DIRECT_OBJC_ISA_USAGE = YES_ERROR;
				CLANG_WARN_DOCUMENTATION_COMMENTS = YES;
				CLANG_WARN_EMPTY_BODY = YES;
				CLANG_WARN_ENUM_CONVERSION = YES;
				CLANG_WARN_INFINITE_RECURSION = YES;
				CLANG_WARN_INT_CONVERSION = YES;
				CLANG_WARN_NON_LITERAL_NULL_CONVERSION = YES;
				CLANG_WARN_OBJC_IMPLICIT_RETAIN_SELF = YES;
				CLANG_WARN_OBJC_LITERAL_CONVERSION = YES;
				CLANG_WARN_OBJC_ROOT_CLASS = YES_ERROR;
				CLANG_WARN_QUOTED_INCLUDE_IN_FRAMEWORK_HEADER = YES;
				CLANG_WARN_RANGE_LOOP_ANALYSIS = YES;
				CLANG_WARN_STRICT_PROTOTYPES = YES;
				CLANG_WARN_SUSPICIOUS_MOVE = YES;
				CLANG_WARN_UNGUARDED_AVAILABILITY = YES_AGGRESSIVE;
				CLANG_WARN_UNREACHABLE_CODE = YES;
				CLANG_WARN__DUPLICATE_METHOD_MATCH = YES;
				COPY_PHASE_STRIP = NO;
				DEBUG_INFORMATION_FORMAT = dwarf;
				ENABLE_STRICT_OBJC_MSGSEND = YES;
				ENABLE_TESTABILITY = YES;
				GCC_C_LANGUAGE_STANDARD = gnu11;
				GCC_DYNAMIC_NO_PIC = NO;
				GCC_NO_COMMON_BLOCKS = YES;
				GCC_OPTIMIZATION_LEVEL = 0;
				GCC_PREPROCESSOR_DEFINITIONS = (
					"DEBUG=1",
					"$(inherited)",
				);
				GCC_WARN_64_TO_32_BIT_CONVERSION = YES;
				GCC_WARN_ABOUT_RETURN_TYPE = YES_ERROR;
				GCC_WARN_UNDECLARED_SELECTOR = YES;
				GCC_WARN_UNINITIALIZED_AUTOS = YES_AGGRESSIVE;
				GCC_WARN_UNUSED_FUNCTION = YES;
				GCC_WARN_UNUSED_VARIABLE = YES;
				IPHONEOS_DEPLOYMENT_TARGET = 12.0;
				MTL_ENABLE_DEBUG_INFO = INCLUDE_SOURCE;
				MTL_FAST_MATH = YES;
				ONLY_ACTIVE_ARCH = YES;
				SDKROOT = iphoneos;
				SWIFT_ACTIVE_COMPILATION_CONDITIONS = DEBUG;
				SWIFT_OPTIMIZATION_LEVEL = "-Onone";
			};
			name = Debug;
		};
		99EB0CEB23B0B04200B0EB2A /* Release */ = {
			isa = XCBuildConfiguration;
			buildSettings = {
				ALWAYS_SEARCH_USER_PATHS = NO;
				CLANG_ANALYZER_NONNULL = YES;
				CLANG_ANALYZER_NUMBER_OBJECT_CONVERSION = YES_AGGRESSIVE;
				CLANG_CXX_LANGUAGE_STANDARD = "gnu++14";
				CLANG_CXX_LIBRARY = "libc++";
				CLANG_ENABLE_MODULES = YES;
				CLANG_ENABLE_OBJC_ARC = YES;
				CLANG_ENABLE_OBJC_WEAK = YES;
				CLANG_WARN_BLOCK_CAPTURE_AUTORELEASING = YES;
				CLANG_WARN_BOOL_CONVERSION = YES;
				CLANG_WARN_COMMA = YES;
				CLANG_WARN_CONSTANT_CONVERSION = YES;
				CLANG_WARN_DEPRECATED_OBJC_IMPLEMENTATIONS = YES;
				CLANG_WARN_DIRECT_OBJC_ISA_USAGE = YES_ERROR;
				CLANG_WARN_DOCUMENTATION_COMMENTS = YES;
				CLANG_WARN_EMPTY_BODY = YES;
				CLANG_WARN_ENUM_CONVERSION = YES;
				CLANG_WARN_INFINITE_RECURSION = YES;
				CLANG_WARN_INT_CONVERSION = YES;
				CLANG_WARN_NON_LITERAL_NULL_CONVERSION = YES;
				CLANG_WARN_OBJC_IMPLICIT_RETAIN_SELF = YES;
				CLANG_WARN_OBJC_LITERAL_CONVERSION = YES;
				CLANG_WARN_OBJC_ROOT_CLASS = YES_ERROR;
				CLANG_WARN_QUOTED_INCLUDE_IN_FRAMEWORK_HEADER = YES;
				CLANG_WARN_RANGE_LOOP_ANALYSIS = YES;
				CLANG_WARN_STRICT_PROTOTYPES = YES;
				CLANG_WARN_SUSPICIOUS_MOVE = YES;
				CLANG_WARN_UNGUARDED_AVAILABILITY = YES_AGGRESSIVE;
				CLANG_WARN_UNREACHABLE_CODE = YES;
				CLANG_WARN__DUPLICATE_METHOD_MATCH = YES;
				COPY_PHASE_STRIP = NO;
				DEBUG_INFORMATION_FORMAT = "dwarf-with-dsym";
				ENABLE_NS_ASSERTIONS = NO;
				ENABLE_STRICT_OBJC_MSGSEND = YES;
				GCC_C_LANGUAGE_STANDARD = gnu11;
				GCC_NO_COMMON_BLOCKS = YES;
				GCC_WARN_64_TO_32_BIT_CONVERSION = YES;
				GCC_WARN_ABOUT_RETURN_TYPE = YES_ERROR;
				GCC_WARN_UNDECLARED_SELECTOR = YES;
				GCC_WARN_UNINITIALIZED_AUTOS = YES_AGGRESSIVE;
				GCC_WARN_UNUSED_FUNCTION = YES;
				GCC_WARN_UNUSED_VARIABLE = YES;
				IPHONEOS_DEPLOYMENT_TARGET = 12.0;
				MTL_ENABLE_DEBUG_INFO = NO;
				MTL_FAST_MATH = YES;
				SDKROOT = iphoneos;
				SWIFT_COMPILATION_MODE = wholemodule;
				SWIFT_OPTIMIZATION_LEVEL = "-O";
				VALIDATE_PRODUCT = YES;
			};
			name = Release;
		};
		99EB0CED23B0B04200B0EB2A /* Debug */ = {
			isa = XCBuildConfiguration;
			buildSettings = {
				ASSETCATALOG_COMPILER_APPICON_NAME = AppIcon;
				CODE_SIGN_STYLE = Automatic;
				CURRENT_PROJECT_VERSION = 2;
				DEVELOPMENT_TEAM = J9YALKHJ5R;
				INFOPLIST_FILE = ChordsApp/Info.plist;
				IPHONEOS_DEPLOYMENT_TARGET = 14.0;
				LD_RUNPATH_SEARCH_PATHS = (
					"$(inherited)",
					"@executable_path/Frameworks",
				);
				OTHER_LDFLAGS = (
					"-lc++",
					"-all_load",
				);
				OTHER_LIBTOOLFLAGS = "";
				PRODUCT_BUNDLE_IDENTIFIER = com.sachadso.pianochord;
				PRODUCT_NAME = "Piano Chords";
				SWIFT_VERSION = 5.0;
				TARGETED_DEVICE_FAMILY = "1,2";
			};
			name = Debug;
		};
		99EB0CEE23B0B04200B0EB2A /* Release */ = {
			isa = XCBuildConfiguration;
			buildSettings = {
				ASSETCATALOG_COMPILER_APPICON_NAME = AppIcon;
				CODE_SIGN_STYLE = Automatic;
				CURRENT_PROJECT_VERSION = 2;
				DEVELOPMENT_TEAM = J9YALKHJ5R;
				INFOPLIST_FILE = ChordsApp/Info.plist;
				IPHONEOS_DEPLOYMENT_TARGET = 14.0;
				LD_RUNPATH_SEARCH_PATHS = (
					"$(inherited)",
					"@executable_path/Frameworks",
				);
				OTHER_LDFLAGS = (
					"-lc++",
					"-all_load",
				);
				OTHER_LIBTOOLFLAGS = "";
				PRODUCT_BUNDLE_IDENTIFIER = com.sachadso.pianochord;
				PRODUCT_NAME = "Piano Chords";
				SWIFT_VERSION = 5.0;
				TARGETED_DEVICE_FAMILY = "1,2";
			};
			name = Release;
		};
/* End XCBuildConfiguration section */

/* Begin XCConfigurationList section */
		99EB0CD323B0B03D00B0EB2A /* Build configuration list for PBXProject "ChordsApp" */ = {
			isa = XCConfigurationList;
			buildConfigurations = (
				99EB0CEA23B0B04200B0EB2A /* Debug */,
				99EB0CEB23B0B04200B0EB2A /* Release */,
			);
			defaultConfigurationIsVisible = 0;
			defaultConfigurationName = Release;
		};
		99EB0CEC23B0B04200B0EB2A /* Build configuration list for PBXNativeTarget "ChordsApp" */ = {
			isa = XCConfigurationList;
			buildConfigurations = (
				99EB0CED23B0B04200B0EB2A /* Debug */,
				99EB0CEE23B0B04200B0EB2A /* Release */,
			);
			defaultConfigurationIsVisible = 0;
			defaultConfigurationName = Release;
		};
/* End XCConfigurationList section */

/* Begin XCRemoteSwiftPackageReference section */
		991AD40B23C3C775007D1123 /* XCRemoteSwiftPackageReference "Stevia" */ = {
			isa = XCRemoteSwiftPackageReference;
			repositoryURL = "https://github.com/freshOS/Stevia";
			requirement = {
				kind = exactVersion;
				version = 4.8.0;
			};
		};
		99407A37273444FC00763D40 /* XCRemoteSwiftPackageReference "AudioKit" */ = {
			isa = XCRemoteSwiftPackageReference;
			repositoryURL = "https://github.com/AudioKit/AudioKit";
			requirement = {
				kind = exactVersion;
				version = 5.2.2;
			};
		};
		99D2D5BB27344F6F009DAC05 /* XCRemoteSwiftPackageReference "Chords" */ = {
			isa = XCRemoteSwiftPackageReference;
			repositoryURL = "https://github.com/s4cha/Chords";
			requirement = {
				kind = exactVersion;
				version = 0.0.1;
			};
		};
/* End XCRemoteSwiftPackageReference section */

/* Begin XCSwiftPackageProductDependency section */
		991AD40C23C3C775007D1123 /* Stevia */ = {
			isa = XCSwiftPackageProductDependency;
			package = 991AD40B23C3C775007D1123 /* XCRemoteSwiftPackageReference "Stevia" */;
			productName = Stevia;
		};
		99407A38273444FC00763D40 /* AudioKit */ = {
			isa = XCSwiftPackageProductDependency;
			package = 99407A37273444FC00763D40 /* XCRemoteSwiftPackageReference "AudioKit" */;
			productName = AudioKit;
		};
		99D2D5BC27344F6F009DAC05 /* Chords */ = {
			isa = XCSwiftPackageProductDependency;
			package = 99D2D5BB27344F6F009DAC05 /* XCRemoteSwiftPackageReference "Chords" */;
			productName = Chords;
		};
/* End XCSwiftPackageProductDependency section */
	};
	rootObject = 99EB0CD023B0B03D00B0EB2A /* Project object */;
}
