{
  "object": {
    "pins": [
      {
        "package": "AudioKit",
        "repositoryURL": "https://github.com/AudioKit/AudioKit",
        "state": {
          "branch": null,
          "revision": "fca2966f95440760c6264aa6368dfb5bf829b2dd",
          "version": "5.2.2"
        }
      },
      {
        "package": "Chords",
        "repositoryURL": "https://github.com/s4cha/Chords",
        "state": {
          "branch": null,
          "revision": "2908b76b6c47a9764c15e895cd99cac457b1fcb9",
          "version": "0.0.1"
        }
      }
    ]
  },
  "version": 1
}
