{
  "pins" : [
    {
      "identity" : "audiokit",
      "kind" : "remoteSourceControl",
      "location" : "https://github.com/AudioKit/AudioKit",
      "state" : {
        "revision" : "fca2966f95440760c6264aa6368dfb5bf829b2dd",
        "version" : "5.2.2"
      }
    },
    {
      "identity" : "chords",
      "kind" : "remoteSourceControl",
      "location" : "https://github.com/s4cha/Chords",
      "state" : {
        "revision" : "46743d15516d0075c86bd91d2c4135c7913aedef",
        "version" : "0.0.4"
      }
    }
  ],
  "version" : 2
}
