{
  "object": {
    "pins": [
      {
        "package": "AudioKit",
        "repositoryURL": "https://github.com/AudioKit/AudioKit",
        "state": {
          "branch": null,
          "revision": "fca2966f95440760c6264aa6368dfb5bf829b2dd",
          "version": "5.2.2"
        }
      },
      {
        "package": "Chords",
        "repositoryURL": "https://github.com/s4cha/Chords",
        "state": {
          "branch": null,
          "revision": "5059eaab4a5b14a72f84c4c3b8b41346731baddc",
          "version": "0.0.3"
        }
      }
    ]
  },
  "version": 1
}
